
Microsoft Visual Studio Solution File, Format Version 12.00
# Visual Studio 15
VisualStudioVersion = 15.0.27703.2035
MinimumVisualStudioVersion = 10.0.40219.1
Project("{9A19103F-16F7-4668-BE54-9A1E7A4F7556}") = "LearningApiCore", "LearningApiCore\LearningApiCore.csproj", "{79491BEA-B423-442D-A3C0-D5898594E207}"
EndProject
Global
	GlobalSection(SolutionConfigurationPlatforms) = preSolution
		Debug|Any CPU = Debug|Any CPU
		Release|Any CPU = Release|Any CPU
	EndGlobalSection
	GlobalSection(ProjectConfigurationPlatforms) = postSolution
		{79491BEA-B423-442D-A3C0-D5898594E207}.Debug|Any CPU.ActiveCfg = Debug|Any CPU
		{79491BEA-B423-442D-A3C0-D5898594E207}.Debug|Any CPU.Build.0 = Debug|Any CPU
		{79491BEA-B423-442D-A3C0-D5898594E207}.Release|Any CPU.ActiveCfg = Release|Any CPU
		{79491BEA-B423-442D-A3C0-D5898594E207}.Release|Any CPU.Build.0 = Release|Any CPU
	EndGlobalSection
	GlobalSection(SolutionProperties) = preSolution
		HideSolutionNode = FALSE
	EndGlobalSection
	GlobalSection(ExtensibilityGlobals) = postSolution
		SolutionGuid = {F00A2142-64D1-430E-B4FE-B6ADBE07AA5E}
	EndGlobalSection
EndGlobal
